// !$*UTF8*$!
{
	archiveVersion = 1;
	classes = {
	};
	objectVersion = 46;
	objects = {

/* Begin PBXBuildFile section */
		45948B5E1F3D653F0019FCB7 /* AppDelegate.swift in Sources */ = {isa = PBXBuildFile; fileRef = 45948B5D1F3D653F0019FCB7 /* AppDelegate.swift */; };
		45948B601F3D653F0019FCB7 /* ViewController.swift in Sources */ = {isa = PBXBuildFile; fileRef = 45948B5F1F3D653F0019FCB7 /* ViewController.swift */; };
		45948B631F3D653F0019FCB7 /* Main.storyboard in Resources */ = {isa = PBXBuildFile; fileRef = 45948B611F3D653F0019FCB7 /* Main.storyboard */; };
		45948B651F3D653F0019FCB7 /* Assets.xcassets in Resources */ = {isa = PBXBuildFile; fileRef = 45948B641F3D653F0019FCB7 /* Assets.xcassets */; };
		45948B681F3D653F0019FCB7 /* LaunchScreen.storyboard in Resources */ = {isa = PBXBuildFile; fileRef = 45948B661F3D653F0019FCB7 /* LaunchScreen.storyboard */; };
		45948B701F3D7EDE0019FCB7 /* pokemon.csv in Resources */ = {isa = PBXBuildFile; fileRef = 45948B6F1F3D7EDE0019FCB7 /* pokemon.csv */; };
		45948B731F3D802B0019FCB7 /* Pokemon.swift in Sources */ = {isa = PBXBuildFile; fileRef = 45948B721F3D802B0019FCB7 /* Pokemon.swift */; };
		45948B761F3D87B00019FCB7 /* PokeCell.swift in Sources */ = {isa = PBXBuildFile; fileRef = 45948B751F3D87B00019FCB7 /* PokeCell.swift */; };
		45948B781F3D8FE70019FCB7 /* csv.swift in Sources */ = {isa = PBXBuildFile; fileRef = 45948B771F3D8FE70019FCB7 /* csv.swift */; };
		45948B7C1F3D96490019FCB7 /* pokemon.ttf in Resources */ = {isa = PBXBuildFile; fileRef = 45948B7B1F3D96490019FCB7 /* pokemon.ttf */; };
		45948B7F1F3D97C60019FCB7 /* music.png in Resources */ = {isa = PBXBuildFile; fileRef = 45948B7E1F3D97C60019FCB7 /* music.png */; };
		45948B811F3D97DA0019FCB7 /* music.mp3 in Resources */ = {isa = PBXBuildFile; fileRef = 45948B801F3D97DA0019FCB7 /* music.mp3 */; };
/* End PBXBuildFile section */

/* Begin PBXFileReference section */
		45948B5A1F3D653F0019FCB7 /* pokedex.app */ = {isa = PBXFileReference; explicitFileType = wrapper.application; includeInIndex = 0; path = pokedex.app; sourceTree = BUILT_PRODUCTS_DIR; };
		45948B5D1F3D653F0019FCB7 /* AppDelegate.swift */ = {isa = PBXFileReference; lastKnownFileType = sourcecode.swift; path = AppDelegate.swift; sourceTree = "<group>"; };
		45948B5F1F3D653F0019FCB7 /* ViewController.swift */ = {isa = PBXFileReference; lastKnownFileType = sourcecode.swift; path = ViewController.swift; sourceTree = "<group>"; };
		45948B621F3D653F0019FCB7 /* Base */ = {isa = PBXFileReference; lastKnownFileType = file.storyboard; name = Base; path = Base.lproj/Main.storyboard; sourceTree = "<group>"; };
		45948B641F3D653F0019FCB7 /* Assets.xcassets */ = {isa = PBXFileReference; lastKnownFileType = folder.assetcatalog; path = Assets.xcassets; sourceTree = "<group>"; };
		45948B671F3D653F0019FCB7 /* Base */ = {isa = PBXFileReference; lastKnownFileType = file.storyboard; name = Base; path = Base.lproj/LaunchScreen.storyboard; sourceTree = "<group>"; };
		45948B691F3D653F0019FCB7 /* Info.plist */ = {isa = PBXFileReference; lastKnownFileType = text.plist.xml; path = Info.plist; sourceTree = "<group>"; };
		45948B6F1F3D7EDE0019FCB7 /* pokemon.csv */ = {isa = PBXFileReference; fileEncoding = 4; lastKnownFileType = text; path = pokemon.csv; sourceTree = "<group>"; };
		45948B721F3D802B0019FCB7 /* Pokemon.swift */ = {isa = PBXFileReference; fileEncoding = 4; lastKnownFileType = sourcecode.swift; path = Pokemon.swift; sourceTree = "<group>"; };
		45948B751F3D87B00019FCB7 /* PokeCell.swift */ = {isa = PBXFileReference; fileEncoding = 4; lastKnownFileType = sourcecode.swift; path = PokeCell.swift; sourceTree = "<group>"; };
		45948B771F3D8FE70019FCB7 /* csv.swift */ = {isa = PBXFileReference; fileEncoding = 4; lastKnownFileType = sourcecode.swift; path = csv.swift; sourceTree = "<group>"; };
		45948B7B1F3D96490019FCB7 /* pokemon.ttf */ = {isa = PBXFileReference; lastKnownFileType = file; path = pokemon.ttf; sourceTree = "<group>"; };
		45948B7E1F3D97C60019FCB7 /* music.png */ = {isa = PBXFileReference; lastKnownFileType = image.png; path = music.png; sourceTree = "<group>"; };
		45948B801F3D97DA0019FCB7 /* music.mp3 */ = {isa = PBXFileReference; lastKnownFileType = audio.mp3; path = music.mp3; sourceTree = "<group>"; };
/* End PBXFileReference section */

/* Begin PBXFrameworksBuildPhase section */
		45948B571F3D653F0019FCB7 /* Frameworks */ = {
			isa = PBXFrameworksBuildPhase;
			buildActionMask = 2147483647;
			files = (
			);
			runOnlyForDeploymentPostprocessing = 0;
		};
/* End PBXFrameworksBuildPhase section */

/* Begin PBXGroup section */
		45948B511F3D653F0019FCB7 = {
			isa = PBXGroup;
			children = (
				45948B5C1F3D653F0019FCB7 /* pokedex */,
				45948B5B1F3D653F0019FCB7 /* Products */,
			);
			sourceTree = "<group>";
		};
		45948B5B1F3D653F0019FCB7 /* Products */ = {
			isa = PBXGroup;
			children = (
				45948B5A1F3D653F0019FCB7 /* pokedex.app */,
			);
			name = Products;
			sourceTree = "<group>";
		};
		45948B5C1F3D653F0019FCB7 /* pokedex */ = {
			isa = PBXGroup;
			children = (
				45948B711F3D80150019FCB7 /* Model */,
				45948B741F3D87800019FCB7 /* View */,
				45948B791F3D95E50019FCB7 /* Controller */,
				45948B7A1F3D96390019FCB7 /* Resources */,
				45948B7D1F3D96760019FCB7 /* Util */,
				45948B5D1F3D653F0019FCB7 /* AppDelegate.swift */,
				45948B611F3D653F0019FCB7 /* Main.storyboard */,
				45948B641F3D653F0019FCB7 /* Assets.xcassets */,
				45948B661F3D653F0019FCB7 /* LaunchScreen.storyboard */,
				45948B691F3D653F0019FCB7 /* Info.plist */,
			);
			path = pokedex;
			sourceTree = "<group>";
		};
		45948B711F3D80150019FCB7 /* Model */ = {
			isa = PBXGroup;
			children = (
				45948B721F3D802B0019FCB7 /* Pokemon.swift */,
			);
			name = Model;
			sourceTree = "<group>";
		};
		45948B741F3D87800019FCB7 /* View */ = {
			isa = PBXGroup;
			children = (
				45948B751F3D87B00019FCB7 /* PokeCell.swift */,
			);
			name = View;
			sourceTree = "<group>";
		};
		45948B791F3D95E50019FCB7 /* Controller */ = {
			isa = PBXGroup;
			children = (
				45948B5F1F3D653F0019FCB7 /* ViewController.swift */,
			);
			name = Controller;
			sourceTree = "<group>";
		};
		45948B7A1F3D96390019FCB7 /* Resources */ = {
			isa = PBXGroup;
			children = (
				45948B7B1F3D96490019FCB7 /* pokemon.ttf */,
				45948B6F1F3D7EDE0019FCB7 /* pokemon.csv */,
				45948B7E1F3D97C60019FCB7 /* music.png */,
				45948B801F3D97DA0019FCB7 /* music.mp3 */,
			);
			name = Resources;
			sourceTree = "<group>";
		};
		45948B7D1F3D96760019FCB7 /* Util */ = {
			isa = PBXGroup;
			children = (
				45948B771F3D8FE70019FCB7 /* csv.swift */,
			);
			name = Util;
			sourceTree = "<group>";
		};
/* End PBXGroup section */

/* Begin PBXNativeTarget section */
		45948B591F3D653F0019FCB7 /* pokedex */ = {
			isa = PBXNativeTarget;
			buildConfigurationList = 45948B6C1F3D653F0019FCB7 /* Build configuration list for PBXNativeTarget "pokedex" */;
			buildPhases = (
				45948B561F3D653F0019FCB7 /* Sources */,
				45948B571F3D653F0019FCB7 /* Frameworks */,
				45948B581F3D653F0019FCB7 /* Resources */,
			);
			buildRules = (
			);
			dependencies = (
			);
			name = pokedex;
			productName = pokedex;
			productReference = 45948B5A1F3D653F0019FCB7 /* pokedex.app */;
			productType = "com.apple.product-type.application";
		};
/* End PBXNativeTarget section */

/* Begin PBXProject section */
		45948B521F3D653F0019FCB7 /* Project object */ = {
			isa = PBXProject;
			attributes = {
				LastSwiftUpdateCheck = 0830;
				LastUpgradeCheck = 0830;
				ORGANIZATIONNAME = rquispe;
				TargetAttributes = {
					45948B591F3D653F0019FCB7 = {
						CreatedOnToolsVersion = 8.3.3;
						DevelopmentTeam = AE47H99V7T;
						ProvisioningStyle = Automatic;
					};
				};
			};
			buildConfigurationList = 45948B551F3D653F0019FCB7 /* Build configuration list for PBXProject "pokedex" */;
			compatibilityVersion = "Xcode 3.2";
			developmentRegion = English;
			hasScannedForEncodings = 0;
			knownRegions = (
				en,
				Base,
			);
			mainGroup = 45948B511F3D653F0019FCB7;
			productRefGroup = 45948B5B1F3D653F0019FCB7 /* Products */;
			projectDirPath = "";
			projectRoot = "";
			targets = (
				45948B591F3D653F0019FCB7 /* pokedex */,
			);
		};
/* End PBXProject section */

/* Begin PBXResourcesBuildPhase section */
		45948B581F3D653F0019FCB7 /* Resources */ = {
			isa = PBXResourcesBuildPhase;
			buildActionMask = 2147483647;
			files = (
				45948B7C1F3D96490019FCB7 /* pokemon.ttf in Resources */,
				45948B681F3D653F0019FCB7 /* LaunchScreen.storyboard in Resources */,
				45948B651F3D653F0019FCB7 /* Assets.xcassets in Resources */,
				45948B701F3D7EDE0019FCB7 /* pokemon.csv in Resources */,
				45948B631F3D653F0019FCB7 /* Main.storyboard in Resources */,
				45948B811F3D97DA0019FCB7 /* music.mp3 in Resources */,
				45948B7F1F3D97C60019FCB7 /* music.png in Resources */,
			);
			runOnlyForDeploymentPostprocessing = 0;
		};
/* End PBXResourcesBuildPhase section */

/* Begin PBXSourcesBuildPhase section */
		45948B561F3D653F0019FCB7 /* Sources */ = {
			isa = PBXSourcesBuildPhase;
			buildActionMask = 2147483647;
			files = (
				45948B761F3D87B00019FCB7 /* PokeCell.swift in Sources */,
				45948B601F3D653F0019FCB7 /* ViewController.swift in Sources */,
				45948B5E1F3D653F0019FCB7 /* AppDelegate.swift in Sources */,
				45948B731F3D802B0019FCB7 /* Pokemon.swift in Sources */,
				45948B781F3D8FE70019FCB7 /* csv.swift in Sources */,
			);
			runOnlyForDeploymentPostprocessing = 0;
		};
/* End PBXSourcesBuildPhase section */

/* Begin PBXVariantGroup section */
		45948B611F3D653F0019FCB7 /* Main.storyboard */ = {
			isa = PBXVariantGroup;
			children = (
				45948B621F3D653F0019FCB7 /* Base */,
			);
			name = Main.storyboard;
			sourceTree = "<group>";
		};
		45948B661F3D653F0019FCB7 /* LaunchScreen.storyboard */ = {
			isa = PBXVariantGroup;
			children = (
				45948B671F3D653F0019FCB7 /* Base */,
			);
			name = LaunchScreen.storyboard;
			sourceTree = "<group>";
		};
/* End PBXVariantGroup section */

/* Begin XCBuildConfiguration section */
		45948B6A1F3D653F0019FCB7 /* Debug */ = {
			isa = XCBuildConfiguration;
			buildSettings = {
				ALWAYS_SEARCH_USER_PATHS = NO;
				CLANG_ANALYZER_NONNULL = YES;
				CLANG_ANALYZER_NUMBER_OBJECT_CONVERSION = YES_AGGRESSIVE;
				CLANG_CXX_LANGUAGE_STANDARD = "gnu++0x";
				CLANG_CXX_LIBRARY = "libc++";
				CLANG_ENABLE_MODULES = YES;
				CLANG_ENABLE_OBJC_ARC = YES;
				CLANG_WARN_BOOL_CONVERSION = YES;
				CLANG_WARN_CONSTANT_CONVERSION = YES;
				CLANG_WARN_DIRECT_OBJC_ISA_USAGE = YES_ERROR;
				CLANG_WARN_DOCUMENTATION_COMMENTS = YES;
				CLANG_WARN_EMPTY_BODY = YES;
				CLANG_WARN_ENUM_CONVERSION = YES;
				CLANG_WARN_INFINITE_RECURSION = YES;
				CLANG_WARN_INT_CONVERSION = YES;
				CLANG_WARN_OBJC_ROOT_CLASS = YES_ERROR;
				CLANG_WARN_SUSPICIOUS_MOVE = YES;
				CLANG_WARN_UNREACHABLE_CODE = YES;
				CLANG_WARN__DUPLICATE_METHOD_MATCH = YES;
				"CODE_SIGN_IDENTITY[sdk=iphoneos*]" = "iPhone Developer";
				COPY_PHASE_STRIP = NO;
				DEBUG_INFORMATION_FORMAT = dwarf;
				ENABLE_STRICT_OBJC_MSGSEND = YES;
				ENABLE_TESTABILITY = YES;
				GCC_C_LANGUAGE_STANDARD = gnu99;
				GCC_DYNAMIC_NO_PIC = NO;
				GCC_NO_COMMON_BLOCKS = YES;
				GCC_OPTIMIZATION_LEVEL = 0;
				GCC_PREPROCESSOR_DEFINITIONS = (
					"DEBUG=1",
					"$(inherited)",
				);
				GCC_WARN_64_TO_32_BIT_CONVERSION = YES;
				GCC_WARN_ABOUT_RETURN_TYPE = YES_ERROR;
				GCC_WARN_UNDECLARED_SELECTOR = YES;
				GCC_WARN_UNINITIALIZED_AUTOS = YES_AGGRESSIVE;
				GCC_WARN_UNUSED_FUNCTION = YES;
				GCC_WARN_UNUSED_VARIABLE = YES;
				IPHONEOS_DEPLOYMENT_TARGET = 10.3;
				MTL_ENABLE_DEBUG_INFO = YES;
				ONLY_ACTIVE_ARCH = YES;
				SDKROOT = iphoneos;
				SWIFT_ACTIVE_COMPILATION_CONDITIONS = DEBUG;
				SWIFT_OPTIMIZATION_LEVEL = "-Onone";
			};
			name = Debug;
		};
		45948B6B1F3D653F0019FCB7 /* Release */ = {
			isa = XCBuildConfiguration;
			buildSettings = {
				ALWAYS_SEARCH_USER_PATHS = NO;
				CLANG_ANALYZER_NONNULL = YES;
				CLANG_ANALYZER_NUMBER_OBJECT_CONVERSION = YES_AGGRESSIVE;
				CLANG_CXX_LANGUAGE_STANDARD = "gnu++0x";
				CLANG_CXX_LIBRARY = "libc++";
				CLANG_ENABLE_MODULES = YES;
				CLANG_ENABLE_OBJC_ARC = YES;
				CLANG_WARN_BOOL_CONVERSION = YES;
				CLANG_WARN_CONSTANT_CONVERSION = YES;
				CLANG_WARN_DIRECT_OBJC_ISA_USAGE = YES_ERROR;
				CLANG_WARN_DOCUMENTATION_COMMENTS = YES;
				CLANG_WARN_EMPTY_BODY = YES;
				CLANG_WARN_ENUM_CONVERSION = YES;
				CLANG_WARN_INFINITE_RECURSION = YES;
				CLANG_WARN_INT_CONVERSION = YES;
				CLANG_WARN_OBJC_ROOT_CLASS = YES_ERROR;
				CLANG_WARN_SUSPICIOUS_MOVE = YES;
				CLANG_WARN_UNREACHABLE_CODE = YES;
				CLANG_WARN__DUPLICATE_METHOD_MATCH = YES;
				"CODE_SIGN_IDENTITY[sdk=iphoneos*]" = "iPhone Developer";
				COPY_PHASE_STRIP = NO;
				DEBUG_INFORMATION_FORMAT = "dwarf-with-dsym";
				ENABLE_NS_ASSERTIONS = NO;
				ENABLE_STRICT_OBJC_MSGSEND = YES;
				GCC_C_LANGUAGE_STANDARD = gnu99;
				GCC_NO_COMMON_BLOCKS = YES;
				GCC_WARN_64_TO_32_BIT_CONVERSION = YES;
				GCC_WARN_ABOUT_RETURN_TYPE = YES_ERROR;
				GCC_WARN_UNDECLARED_SELECTOR = YES;
				GCC_WARN_UNINITIALIZED_AUTOS = YES_AGGRESSIVE;
				GCC_WARN_UNUSED_FUNCTION = YES;
				GCC_WARN_UNUSED_VARIABLE = YES;
				IPHONEOS_DEPLOYMENT_TARGET = 10.3;
				MTL_ENABLE_DEBUG_INFO = NO;
				SDKROOT = iphoneos;
				SWIFT_OPTIMIZATION_LEVEL = "-Owholemodule";
				VALIDATE_PRODUCT = YES;
			};
			name = Release;
		};
		45948B6D1F3D653F0019FCB7 /* Debug */ = {
			isa = XCBuildConfiguration;
			buildSettings = {
				ASSETCATALOG_COMPILER_APPICON_NAME = AppIcon;
				DEVELOPMENT_TEAM = AE47H99V7T;
				INFOPLIST_FILE = pokedex/Info.plist;
				LD_RUNPATH_SEARCH_PATHS = "$(inherited) @executable_path/Frameworks";
				PRODUCT_BUNDLE_IDENTIFIER = com.rquispe.pokedex;
				PRODUCT_NAME = "$(TARGET_NAME)";
				SWIFT_VERSION = 3.0;
			};
			name = Debug;
		};
		45948B6E1F3D653F0019FCB7 /* Release */ = {
			isa = XCBuildConfiguration;
			buildSettings = {
				ASSETCATALOG_COMPILER_APPICON_NAME = AppIcon;
				DEVELOPMENT_TEAM = AE47H99V7T;
				INFOPLIST_FILE = pokedex/Info.plist;
				LD_RUNPATH_SEARCH_PATHS = "$(inherited) @executable_path/Frameworks";
				PRODUCT_BUNDLE_IDENTIFIER = com.rquispe.pokedex;
				PRODUCT_NAME = "$(TARGET_NAME)";
				SWIFT_VERSION = 3.0;
			};
			name = Release;
		};
/* End XCBuildConfiguration section */

/* Begin XCConfigurationList section */
		45948B551F3D653F0019FCB7 /* Build configuration list for PBXProject "pokedex" */ = {
			isa = XCConfigurationList;
			buildConfigurations = (
				45948B6A1F3D653F0019FCB7 /* Debug */,
				45948B6B1F3D653F0019FCB7 /* Release */,
			);
			defaultConfigurationIsVisible = 0;
			defaultConfigurationName = Release;
		};
		45948B6C1F3D653F0019FCB7 /* Build configuration list for PBXNativeTarget "pokedex" */ = {
			isa = XCConfigurationList;
			buildConfigurations = (
				45948B6D1F3D653F0019FCB7 /* Debug */,
				45948B6E1F3D653F0019FCB7 /* Release */,
			);
			defaultConfigurationIsVisible = 0;
		};
/* End XCConfigurationList section */
	};
	rootObject = 45948B521F3D653F0019FCB7 /* Project object */;
}
